// !$*UTF8*$!
{
	archiveVersion = 1;
	classes = {
	};
	objectVersion = 46;
	objects = {

/* Begin PBXBuildFile section */
		141A5BC71B63187700A5F666 /* main.m in Sources */ = {isa = PBXBuildFile; fileRef = 141A5BC61B63187700A5F666 /* main.m */; };
		141A5BD01B63187700A5F666 /* Main.storyboard in Resources */ = {isa = PBXBuildFile; fileRef = 141A5BCE1B63187700A5F666 /* Main.storyboard */; };
		141A5BD21B63187700A5F666 /* Images.xcassets in Resources */ = {isa = PBXBuildFile; fileRef = 141A5BD11B63187700A5F666 /* Images.xcassets */; };
		141A5BD51B63187700A5F666 /* LaunchScreen.xib in Resources */ = {isa = PBXBuildFile; fileRef = 141A5BD31B63187700A5F666 /* LaunchScreen.xib */; };
		141A5BE11B63187700A5F666 /* StudentMe_iOSTests.m in Sources */ = {isa = PBXBuildFile; fileRef = 141A5BE01B63187700A5F666 /* StudentMe_iOSTests.m */; };
		141A5BFC1B639B3500A5F666 /* SMBaseViewController.m in Sources */ = {isa = PBXBuildFile; fileRef = 141A5BFB1B639B3500A5F666 /* SMBaseViewController.m */; };
		141A5C001B639BDD00A5F666 /* AppDelegate.m in Sources */ = {isa = PBXBuildFile; fileRef = 141A5BFF1B639BDD00A5F666 /* AppDelegate.m */; };
		141A5C041B639DF200A5F666 /* SMHostViewController.m in Sources */ = {isa = PBXBuildFile; fileRef = 141A5C031B639DF200A5F666 /* SMHostViewController.m */; };
		141A5C081B639EC100A5F666 /* SMSideDrawerViewController.m in Sources */ = {isa = PBXBuildFile; fileRef = 141A5C071B639EC100A5F666 /* SMSideDrawerViewController.m */; };
		141A5C141B63A3DB00A5F666 /* SMNavigationViewController.m in Sources */ = {isa = PBXBuildFile; fileRef = 141A5C131B63A3DB00A5F666 /* SMNavigationViewController.m */; };
		141A5C181B63A52A00A5F666 /* SMDrawerVisualStateManager.m in Sources */ = {isa = PBXBuildFile; fileRef = 141A5C171B63A52A00A5F666 /* SMDrawerVisualStateManager.m */; };
		1420435E1B7219900092A6D7 /* SMUser.m in Sources */ = {isa = PBXBuildFile; fileRef = 1420435D1B7219900092A6D7 /* SMUser.m */; };
		14602B861BA3D31D003DEC44 /* SCIndicatorTitleView.m in Sources */ = {isa = PBXBuildFile; fileRef = 14602B851BA3D31D003DEC44 /* SCIndicatorTitleView.m */; };
		146A105D1B80813D00176D7A /* SCBubbleRefreshView.m in Sources */ = {isa = PBXBuildFile; fileRef = 146A10581B80813D00176D7A /* SCBubbleRefreshView.m */; };
		146A105E1B80813D00176D7A /* SCCircularRefreshView.m in Sources */ = {isa = PBXBuildFile; fileRef = 146A105A1B80813D00176D7A /* SCCircularRefreshView.m */; };
		146A105F1B80813D00176D7A /* SCPullRefreshViewController.m in Sources */ = {isa = PBXBuildFile; fileRef = 146A105C1B80813D00176D7A /* SCPullRefreshViewController.m */; };
		146A10621B80814700176D7A /* CAAnimation+Blocks.m in Sources */ = {isa = PBXBuildFile; fileRef = 146A10611B80814700176D7A /* CAAnimation+Blocks.m */; };
		1474587F1B66795800B282D6 /* SMLeftSideAvatarViewTableViewCell.m in Sources */ = {isa = PBXBuildFile; fileRef = 1474587D1B66795800B282D6 /* SMLeftSideAvatarViewTableViewCell.m */; };
		147458801B66795800B282D6 /* SMLeftSideAvatarViewTableViewCell.xib in Resources */ = {isa = PBXBuildFile; fileRef = 1474587E1B66795800B282D6 /* SMLeftSideAvatarViewTableViewCell.xib */; };
		1483A2791BE3AD8D00B5C457 /* SMCategories.json in Resources */ = {isa = PBXBuildFile; fileRef = 1483A2781BE3AD8D00B5C457 /* SMCategories.json */; };
		1483A27C1BE3B4EF00B5C457 /* SMAllCategoryViewController.m in Sources */ = {isa = PBXBuildFile; fileRef = 1483A27B1BE3B4EF00B5C457 /* SMAllCategoryViewController.m */; };
		14874A621B8AC42700F0FF99 /* SMAutoSizeLabel.m in Sources */ = {isa = PBXBuildFile; fileRef = 14874A611B8AC42700F0FF99 /* SMAutoSizeLabel.m */; };
		14874A671B8B11B300F0FF99 /* SMWriteReplyViewController.m in Sources */ = {isa = PBXBuildFile; fileRef = 14874A651B8B11B300F0FF99 /* SMWriteReplyViewController.m */; };
		14874A681B8B11B300F0FF99 /* SMWriteReplyViewController.xib in Resources */ = {isa = PBXBuildFile; fileRef = 14874A661B8B11B300F0FF99 /* SMWriteReplyViewController.xib */; };
		14874A6B1B900E4C00F0FF99 /* SMTopicCreateFilter.m in Sources */ = {isa = PBXBuildFile; fileRef = 14874A6A1B900E4C00F0FF99 /* SMTopicCreateFilter.m */; };
		14A119D21B78EA1600319F45 /* UIViewController+SCCategorys.m in Sources */ = {isa = PBXBuildFile; fileRef = 14A119D11B78EA1600319F45 /* UIViewController+SCCategorys.m */; };
		14A119E81B7DBB5500319F45 /* SMTopicListFilter.m in Sources */ = {isa = PBXBuildFile; fileRef = 14A119E71B7DBB5500319F45 /* SMTopicListFilter.m */; };
		14A119EB1B7DBB7800319F45 /* SMTopic.m in Sources */ = {isa = PBXBuildFile; fileRef = 14A119EA1B7DBB7800319F45 /* SMTopic.m */; };
		14AEBDC91B7328F600C3C42E /* SMPostTopicListTableViewCell.m in Sources */ = {isa = PBXBuildFile; fileRef = 14AEBDC71B7328F600C3C42E /* SMPostTopicListTableViewCell.m */; };
		14AEBDCA1B7328F600C3C42E /* SMPostTopicListTableViewCell.xib in Resources */ = {isa = PBXBuildFile; fileRef = 14AEBDC81B7328F600C3C42E /* SMPostTopicListTableViewCell.xib */; };
		14BF0FA91B8086FD00FAF970 /* ScrollViewFrameAccessor.m in Sources */ = {isa = PBXBuildFile; fileRef = 14BF0FA61B8086FD00FAF970 /* ScrollViewFrameAccessor.m */; };
		14BF0FAA1B8086FD00FAF970 /* ViewFrameAccessor.m in Sources */ = {isa = PBXBuildFile; fileRef = 14BF0FA81B8086FD00FAF970 /* ViewFrameAccessor.m */; };
		14BF0FAD1B80870F00FAF970 /* DACircularProgressView.m in Sources */ = {isa = PBXBuildFile; fileRef = 14BF0FAC1B80870F00FAF970 /* DACircularProgressView.m */; };
		14BF0FB11B80A1EA00FAF970 /* SMValidation.m in Sources */ = {isa = PBXBuildFile; fileRef = 14BF0FB01B80A1EA00FAF970 /* SMValidation.m */; };
		14BF0FB41B80A20E00FAF970 /* SMHttpDataManager.m in Sources */ = {isa = PBXBuildFile; fileRef = 14BF0FB31B80A20E00FAF970 /* SMHttpDataManager.m */; };
		14BF0FB71B80A39200FAF970 /* SMErr.m in Sources */ = {isa = PBXBuildFile; fileRef = 14BF0FB61B80A39200FAF970 /* SMErr.m */; };
		14BF0FBC1B80B8F300FAF970 /* SMLoginViewController.m in Sources */ = {isa = PBXBuildFile; fileRef = 14BF0FBA1B80B8F300FAF970 /* SMLoginViewController.m */; };
		14BF0FBD1B80B8F300FAF970 /* SMLoginViewController.xib in Resources */ = {isa = PBXBuildFile; fileRef = 14BF0FBB1B80B8F300FAF970 /* SMLoginViewController.xib */; };
		14BF0FC21B8190AC00FAF970 /* SMLoginInputTableViewCell.m in Sources */ = {isa = PBXBuildFile; fileRef = 14BF0FC01B8190AC00FAF970 /* SMLoginInputTableViewCell.m */; };
		14BF0FC31B8190AC00FAF970 /* SMLoginInputTableViewCell.xib in Resources */ = {isa = PBXBuildFile; fileRef = 14BF0FC11B8190AC00FAF970 /* SMLoginInputTableViewCell.xib */; };
		14CE72D81B6B311F00D7F3B6 /* SMLatestPostsViewController.m in Sources */ = {isa = PBXBuildFile; fileRef = 14CE72D71B6B311F00D7F3B6 /* SMLatestPostsViewController.m */; };
		14CE72DC1B6B315300D7F3B6 /* SMCategoriesViewController.m in Sources */ = {isa = PBXBuildFile; fileRef = 14CE72DB1B6B315300D7F3B6 /* SMCategoriesViewController.m */; };
		14CE72E01B6B317C00D7F3B6 /* SMNotificationViewController.m in Sources */ = {isa = PBXBuildFile; fileRef = 14CE72DF1B6B317C00D7F3B6 /* SMNotificationViewController.m */; };
		14CE72E51B6B31B300D7F3B6 /* SMAboutViewController.m in Sources */ = {isa = PBXBuildFile; fileRef = 14CE72E31B6B31B300D7F3B6 /* SMAboutViewController.m */; };
		14CE72E61B6B31B300D7F3B6 /* SMAboutViewController.xib in Resources */ = {isa = PBXBuildFile; fileRef = 14CE72E41B6B31B300D7F3B6 /* SMAboutViewController.xib */; };
		14D7D8391B949BBF00C92AB2 /* SMNotificationTableViewCell.m in Sources */ = {isa = PBXBuildFile; fileRef = 14D7D8371B949BBF00C92AB2 /* SMNotificationTableViewCell.m */; };
		14D7D83A1B949BBF00C92AB2 /* SMNotificationTableViewCell.xib in Resources */ = {isa = PBXBuildFile; fileRef = 14D7D8381B949BBF00C92AB2 /* SMNotificationTableViewCell.xib */; };
		14D7D83D1B949C4800C92AB2 /* SMNotification.m in Sources */ = {isa = PBXBuildFile; fileRef = 14D7D83C1B949C4800C92AB2 /* SMNotification.m */; };
		14D8A5A01BB1A5E500D40E2A /* NSDate+SMDate.m in Sources */ = {isa = PBXBuildFile; fileRef = 14D8A59F1BB1A5E500D40E2A /* NSDate+SMDate.m */; };
		14D8A5A51BB26DA900D40E2A /* SMSettingsViewController.m in Sources */ = {isa = PBXBuildFile; fileRef = 14D8A5A31BB26DA900D40E2A /* SMSettingsViewController.m */; };
		14D8A5A61BB26DA900D40E2A /* SMSettingsViewController.xib in Resources */ = {isa = PBXBuildFile; fileRef = 14D8A5A41BB26DA900D40E2A /* SMSettingsViewController.xib */; };
		14D99EF71B89ACC100C0965D /* SMPostTopicReplyListTableViewCell.m in Sources */ = {isa = PBXBuildFile; fileRef = 14D99EF51B89ACC100C0965D /* SMPostTopicReplyListTableViewCell.m */; };
		14D99EF81B89ACC100C0965D /* SMPostTopicReplyListTableViewCell.xib in Resources */ = {isa = PBXBuildFile; fileRef = 14D99EF61B89ACC100C0965D /* SMPostTopicReplyListTableViewCell.xib */; };
		14D99EFD1B89AD3900C0965D /* SMPostTopicReplyListViewController.m in Sources */ = {isa = PBXBuildFile; fileRef = 14D99EFB1B89AD3900C0965D /* SMPostTopicReplyListViewController.m */; };
		14D99EFE1B89AD3900C0965D /* SMPostTopicReplyListViewController.xib in Resources */ = {isa = PBXBuildFile; fileRef = 14D99EFC1B89AD3900C0965D /* SMPostTopicReplyListViewController.xib */; };
		14D99F011B89EEDB00C0965D /* SMTopicReply.m in Sources */ = {isa = PBXBuildFile; fileRef = 14D99F001B89EEDB00C0965D /* SMTopicReply.m */; };
		14E78F911B78E79E00523970 /* SMLeftSideViewTableViewCell.m in Sources */ = {isa = PBXBuildFile; fileRef = 14E78F8F1B78E79E00523970 /* SMLeftSideViewTableViewCell.m */; };
		14E78F921B78E79E00523970 /* SMLeftSideViewTableViewCell.xib in Resources */ = {isa = PBXBuildFile; fileRef = 14E78F901B78E79E00523970 /* SMLeftSideViewTableViewCell.xib */; };
		14E78F9C1B78E7C600523970 /* NSURL+SMURL.m in Sources */ = {isa = PBXBuildFile; fileRef = 14E78F971B78E7C600523970 /* NSURL+SMURL.m */; };
		14E78F9D1B78E7C600523970 /* NSUserDefaults+SMUserDefaults.m in Sources */ = {isa = PBXBuildFile; fileRef = 14E78F991B78E7C600523970 /* NSUserDefaults+SMUserDefaults.m */; };
		14E78F9E1B78E7C600523970 /* UIColor+SMColor.m in Sources */ = {isa = PBXBuildFile; fileRef = 14E78F9B1B78E7C600523970 /* UIColor+SMColor.m */; };
		859767C3ABBA07D5CE7051D8 /* libPods.a in Frameworks */ = {isa = PBXBuildFile; fileRef = 3BEE2A7B6C980488E9295CBC /* libPods.a */; };
/* End PBXBuildFile section */

/* Begin PBXContainerItemProxy section */
		141A5BDB1B63187700A5F666 /* PBXContainerItemProxy */ = {
			isa = PBXContainerItemProxy;
			containerPortal = 141A5BB91B63187700A5F666 /* Project object */;
			proxyType = 1;
			remoteGlobalIDString = 141A5BC01B63187700A5F666;
			remoteInfo = "StudentMe-iOS";
		};
/* End PBXContainerItemProxy section */

/* Begin PBXFileReference section */
		1417D05A1B6CC5280052E51B /* TestMock.h */ = {isa = PBXFileReference; lastKnownFileType = sourcecode.c.h; path = TestMock.h; sourceTree = "<group>"; };
		141A5BC11B63187700A5F666 /* StudentMe-iOS.app */ = {isa = PBXFileReference; explicitFileType = wrapper.application; includeInIndex = 0; path = "StudentMe-iOS.app"; sourceTree = BUILT_PRODUCTS_DIR; };
		141A5BC51B63187700A5F666 /* Info.plist */ = {isa = PBXFileReference; lastKnownFileType = text.plist.xml; path = Info.plist; sourceTree = "<group>"; };
		141A5BC61B63187700A5F666 /* main.m */ = {isa = PBXFileReference; lastKnownFileType = sourcecode.c.objc; path = main.m; sourceTree = "<group>"; };
		141A5BCF1B63187700A5F666 /* Base */ = {isa = PBXFileReference; lastKnownFileType = file.storyboard; name = Base; path = Base.lproj/Main.storyboard; sourceTree = "<group>"; };
		141A5BD11B63187700A5F666 /* Images.xcassets */ = {isa = PBXFileReference; lastKnownFileType = folder.assetcatalog; path = Images.xcassets; sourceTree = "<group>"; };
		141A5BD41B63187700A5F666 /* Base */ = {isa = PBXFileReference; lastKnownFileType = file.xib; name = Base; path = Base.lproj/LaunchScreen.xib; sourceTree = "<group>"; };
		141A5BDA1B63187700A5F666 /* StudentMe-iOSTests.xctest */ = {isa = PBXFileReference; explicitFileType = wrapper.cfbundle; includeInIndex = 0; path = "StudentMe-iOSTests.xctest"; sourceTree = BUILT_PRODUCTS_DIR; };
		141A5BDF1B63187700A5F666 /* Info.plist */ = {isa = PBXFileReference; lastKnownFileType = text.plist.xml; path = Info.plist; sourceTree = "<group>"; };
		141A5BE01B63187700A5F666 /* StudentMe_iOSTests.m */ = {isa = PBXFileReference; lastKnownFileType = sourcecode.c.objc; path = StudentMe_iOSTests.m; sourceTree = "<group>"; };
		141A5BFA1B639B3500A5F666 /* SMBaseViewController.h */ = {isa = PBXFileReference; fileEncoding = 4; lastKnownFileType = sourcecode.c.h; name = SMBaseViewController.h; path = SMViewControllers/SMBaseViewController/SMBaseViewController.h; sourceTree = "<group>"; };
		141A5BFB1B639B3500A5F666 /* SMBaseViewController.m */ = {isa = PBXFileReference; fileEncoding = 4; lastKnownFileType = sourcecode.c.objc; name = SMBaseViewController.m; path = SMViewControllers/SMBaseViewController/SMBaseViewController.m; sourceTree = "<group>"; };
		141A5BFE1B639BDD00A5F666 /* AppDelegate.h */ = {isa = PBXFileReference; fileEncoding = 4; lastKnownFileType = sourcecode.c.h; name = AppDelegate.h; path = App/AppDelegate.h; sourceTree = "<group>"; };
		141A5BFF1B639BDD00A5F666 /* AppDelegate.m */ = {isa = PBXFileReference; fileEncoding = 4; lastKnownFileType = sourcecode.c.objc; name = AppDelegate.m; path = App/AppDelegate.m; sourceTree = "<group>"; };
		141A5C011B639C0300A5F666 /* StudentMe-Prefix.pch */ = {isa = PBXFileReference; lastKnownFileType = sourcecode.c.h; name = "StudentMe-Prefix.pch"; path = "App/StudentMe-Prefix.pch"; sourceTree = "<group>"; };
		141A5C021B639DF200A5F666 /* SMHostViewController.h */ = {isa = PBXFileReference; fileEncoding = 4; lastKnownFileType = sourcecode.c.h; name = SMHostViewController.h; path = SMViewControllers/SMHost/SMHostViewController.h; sourceTree = "<group>"; };
		141A5C031B639DF200A5F666 /* SMHostViewController.m */ = {isa = PBXFileReference; fileEncoding = 4; lastKnownFileType = sourcecode.c.objc; name = SMHostViewController.m; path = SMViewControllers/SMHost/SMHostViewController.m; sourceTree = "<group>"; };
		141A5C061B639EC100A5F666 /* SMSideDrawerViewController.h */ = {isa = PBXFileReference; fileEncoding = 4; lastKnownFileType = sourcecode.c.h; name = SMSideDrawerViewController.h; path = SMViewControllers/SMSideDrawerViewController/SMSideDrawerViewController.h; sourceTree = "<group>"; };
		141A5C071B639EC100A5F666 /* SMSideDrawerViewController.m */ = {isa = PBXFileReference; fileEncoding = 4; lastKnownFileType = sourcecode.c.objc; name = SMSideDrawerViewController.m; path = SMViewControllers/SMSideDrawerViewController/SMSideDrawerViewController.m; sourceTree = "<group>"; };
		141A5C121B63A3DB00A5F666 /* SMNavigationViewController.h */ = {isa = PBXFileReference; fileEncoding = 4; lastKnownFileType = sourcecode.c.h; name = SMNavigationViewController.h; path = SMViewControllers/SMNavigationViewController/SMNavigationViewController.h; sourceTree = "<group>"; };
		141A5C131B63A3DB00A5F666 /* SMNavigationViewController.m */ = {isa = PBXFileReference; fileEncoding = 4; lastKnownFileType = sourcecode.c.objc; name = SMNavigationViewController.m; path = SMViewControllers/SMNavigationViewController/SMNavigationViewController.m; sourceTree = "<group>"; };
		141A5C161B63A52A00A5F666 /* SMDrawerVisualStateManager.h */ = {isa = PBXFileReference; fileEncoding = 4; lastKnownFileType = sourcecode.c.h; name = SMDrawerVisualStateManager.h; path = SMVisualStateManager/SMDrawerVisualStateManager.h; sourceTree = "<group>"; };
		141A5C171B63A52A00A5F666 /* SMDrawerVisualStateManager.m */ = {isa = PBXFileReference; fileEncoding = 4; lastKnownFileType = sourcecode.c.objc; name = SMDrawerVisualStateManager.m; path = SMVisualStateManager/SMDrawerVisualStateManager.m; sourceTree = "<group>"; };
		1420435C1B7219900092A6D7 /* SMUser.h */ = {isa = PBXFileReference; fileEncoding = 4; lastKnownFileType = sourcecode.c.h; name = SMUser.h; path = Model/User/SMUser.h; sourceTree = "<group>"; };
		1420435D1B7219900092A6D7 /* SMUser.m */ = {isa = PBXFileReference; fileEncoding = 4; lastKnownFileType = sourcecode.c.objc; name = SMUser.m; path = Model/User/SMUser.m; sourceTree = "<group>"; };
		14602B841BA3D31D003DEC44 /* SCIndicatorTitleView.h */ = {isa = PBXFileReference; fileEncoding = 4; lastKnownFileType = sourcecode.c.h; name = SCIndicatorTitleView.h; path = CustomView/IndicatoreTitleView/SCIndicatorTitleView.h; sourceTree = "<group>"; };
		14602B851BA3D31D003DEC44 /* SCIndicatorTitleView.m */ = {isa = PBXFileReference; fileEncoding = 4; lastKnownFileType = sourcecode.c.objc; name = SCIndicatorTitleView.m; path = CustomView/IndicatoreTitleView/SCIndicatorTitleView.m; sourceTree = "<group>"; };
		146A10571B80813D00176D7A /* SCBubbleRefreshView.h */ = {isa = PBXFileReference; fileEncoding = 4; lastKnownFileType = sourcecode.c.h; name = SCBubbleRefreshView.h; path = UILib/SCPullRefresh/SCBubbleRefreshView.h; sourceTree = "<group>"; };
		146A10581B80813D00176D7A /* SCBubbleRefreshView.m */ = {isa = PBXFileReference; fileEncoding = 4; lastKnownFileType = sourcecode.c.objc; name = SCBubbleRefreshView.m; path = UILib/SCPullRefresh/SCBubbleRefreshView.m; sourceTree = "<group>"; };
		146A10591B80813D00176D7A /* SCCircularRefreshView.h */ = {isa = PBXFileReference; fileEncoding = 4; lastKnownFileType = sourcecode.c.h; name = SCCircularRefreshView.h; path = UILib/SCPullRefresh/SCCircularRefreshView.h; sourceTree = "<group>"; };
		146A105A1B80813D00176D7A /* SCCircularRefreshView.m */ = {isa = PBXFileReference; fileEncoding = 4; lastKnownFileType = sourcecode.c.objc; name = SCCircularRefreshView.m; path = UILib/SCPullRefresh/SCCircularRefreshView.m; sourceTree = "<group>"; };
		146A105B1B80813D00176D7A /* SCPullRefreshViewController.h */ = {isa = PBXFileReference; fileEncoding = 4; lastKnownFileType = sourcecode.c.h; name = SCPullRefreshViewController.h; path = UILib/SCPullRefresh/SCPullRefreshViewController.h; sourceTree = "<group>"; };
		146A105C1B80813D00176D7A /* SCPullRefreshViewController.m */ = {isa = PBXFileReference; fileEncoding = 4; lastKnownFileType = sourcecode.c.objc; name = SCPullRefreshViewController.m; path = UILib/SCPullRefresh/SCPullRefreshViewController.m; sourceTree = "<group>"; };
		146A10601B80814700176D7A /* CAAnimation+Blocks.h */ = {isa = PBXFileReference; fileEncoding = 4; lastKnownFileType = sourcecode.c.h; name = "CAAnimation+Blocks.h"; path = "UILib/SCPullRefresh/CAAnimationBlocks/CAAnimation+Blocks.h"; sourceTree = "<group>"; };
		146A10611B80814700176D7A /* CAAnimation+Blocks.m */ = {isa = PBXFileReference; fileEncoding = 4; lastKnownFileType = sourcecode.c.objc; name = "CAAnimation+Blocks.m"; path = "UILib/SCPullRefresh/CAAnimationBlocks/CAAnimation+Blocks.m"; sourceTree = "<group>"; };
		1474587C1B66795800B282D6 /* SMLeftSideAvatarViewTableViewCell.h */ = {isa = PBXFileReference; fileEncoding = 4; lastKnownFileType = sourcecode.c.h; name = SMLeftSideAvatarViewTableViewCell.h; path = CustomView/CustomCell/SMLeftSideAvatarViewTableViewCell/SMLeftSideAvatarViewTableViewCell.h; sourceTree = "<group>"; };
		1474587D1B66795800B282D6 /* SMLeftSideAvatarViewTableViewCell.m */ = {isa = PBXFileReference; fileEncoding = 4; lastKnownFileType = sourcecode.c.objc; name = SMLeftSideAvatarViewTableViewCell.m; path = CustomView/CustomCell/SMLeftSideAvatarViewTableViewCell/SMLeftSideAvatarViewTableViewCell.m; sourceTree = "<group>"; };
		1474587E1B66795800B282D6 /* SMLeftSideAvatarViewTableViewCell.xib */ = {isa = PBXFileReference; fileEncoding = 4; lastKnownFileType = file.xib; name = SMLeftSideAvatarViewTableViewCell.xib; path = CustomView/CustomCell/SMLeftSideAvatarViewTableViewCell/SMLeftSideAvatarViewTableViewCell.xib; sourceTree = "<group>"; };
		1483A2781BE3AD8D00B5C457 /* SMCategories.json */ = {isa = PBXFileReference; fileEncoding = 4; lastKnownFileType = text.json; path = SMCategories.json; sourceTree = "<group>"; };
		1483A27A1BE3B4EF00B5C457 /* SMAllCategoryViewController.h */ = {isa = PBXFileReference; fileEncoding = 4; lastKnownFileType = sourcecode.c.h; name = SMAllCategoryViewController.h; path = SMViewControllers/SMSettingsViewController/SMAllCategoryViewController.h; sourceTree = "<group>"; };
		1483A27B1BE3B4EF00B5C457 /* SMAllCategoryViewController.m */ = {isa = PBXFileReference; fileEncoding = 4; lastKnownFileType = sourcecode.c.objc; name = SMAllCategoryViewController.m; path = SMViewControllers/SMSettingsViewController/SMAllCategoryViewController.m; sourceTree = "<group>"; };
		14874A601B8AC42700F0FF99 /* SMAutoSizeLabel.h */ = {isa = PBXFileReference; fileEncoding = 4; lastKnownFileType = sourcecode.c.h; name = SMAutoSizeLabel.h; path = CustomView/SMAutoSizeLabel/SMAutoSizeLabel.h; sourceTree = "<group>"; };
		14874A611B8AC42700F0FF99 /* SMAutoSizeLabel.m */ = {isa = PBXFileReference; fileEncoding = 4; lastKnownFileType = sourcecode.c.objc; name = SMAutoSizeLabel.m; path = CustomView/SMAutoSizeLabel/SMAutoSizeLabel.m; sourceTree = "<group>"; };
		14874A641B8B11B300F0FF99 /* SMWriteReplyViewController.h */ = {isa = PBXFileReference; fileEncoding = 4; lastKnownFileType = sourcecode.c.h; name = SMWriteReplyViewController.h; path = SMViewControllers/SMWriteReplyViewController/SMWriteReplyViewController.h; sourceTree = "<group>"; };
		14874A651B8B11B300F0FF99 /* SMWriteReplyViewController.m */ = {isa = PBXFileReference; fileEncoding = 4; lastKnownFileType = sourcecode.c.objc; name = SMWriteReplyViewController.m; path = SMViewControllers/SMWriteReplyViewController/SMWriteReplyViewController.m; sourceTree = "<group>"; };
		14874A661B8B11B300F0FF99 /* SMWriteReplyViewController.xib */ = {isa = PBXFileReference; fileEncoding = 4; lastKnownFileType = file.xib; name = SMWriteReplyViewController.xib; path = SMViewControllers/SMWriteReplyViewController/SMWriteReplyViewController.xib; sourceTree = "<group>"; };
		14874A691B900E4C00F0FF99 /* SMTopicCreateFilter.h */ = {isa = PBXFileReference; fileEncoding = 4; lastKnownFileType = sourcecode.c.h; name = SMTopicCreateFilter.h; path = Model/Topic/SMTopicCreateFilter.h; sourceTree = "<group>"; };
		14874A6A1B900E4C00F0FF99 /* SMTopicCreateFilter.m */ = {isa = PBXFileReference; fileEncoding = 4; lastKnownFileType = sourcecode.c.objc; name = SMTopicCreateFilter.m; path = Model/Topic/SMTopicCreateFilter.m; sourceTree = "<group>"; };
		14A119D01B78EA1600319F45 /* UIViewController+SCCategorys.h */ = {isa = PBXFileReference; fileEncoding = 4; lastKnownFileType = sourcecode.c.h; name = "UIViewController+SCCategorys.h"; path = "OC_Category/UIViewController+SCCategorys.h"; sourceTree = "<group>"; };
		14A119D11B78EA1600319F45 /* UIViewController+SCCategorys.m */ = {isa = PBXFileReference; fileEncoding = 4; lastKnownFileType = sourcecode.c.objc; name = "UIViewController+SCCategorys.m"; path = "OC_Category/UIViewController+SCCategorys.m"; sourceTree = "<group>"; };
		14A119E61B7DBB5500319F45 /* SMTopicListFilter.h */ = {isa = PBXFileReference; fileEncoding = 4; lastKnownFileType = sourcecode.c.h; name = SMTopicListFilter.h; path = Model/Topic/SMTopicListFilter.h; sourceTree = "<group>"; };
		14A119E71B7DBB5500319F45 /* SMTopicListFilter.m */ = {isa = PBXFileReference; fileEncoding = 4; lastKnownFileType = sourcecode.c.objc; name = SMTopicListFilter.m; path = Model/Topic/SMTopicListFilter.m; sourceTree = "<group>"; };
		14A119E91B7DBB7800319F45 /* SMTopic.h */ = {isa = PBXFileReference; fileEncoding = 4; lastKnownFileType = sourcecode.c.h; name = SMTopic.h; path = Model/Topic/SMTopic.h; sourceTree = "<group>"; };
		14A119EA1B7DBB7800319F45 /* SMTopic.m */ = {isa = PBXFileReference; fileEncoding = 4; lastKnownFileType = sourcecode.c.objc; name = SMTopic.m; path = Model/Topic/SMTopic.m; sourceTree = "<group>"; };
		14AEBDC61B7328F600C3C42E /* SMPostTopicListTableViewCell.h */ = {isa = PBXFileReference; fileEncoding = 4; lastKnownFileType = sourcecode.c.h; name = SMPostTopicListTableViewCell.h; path = CustomView/CustomCell/SMPostTopicListTableViewCell/SMPostTopicListTableViewCell.h; sourceTree = "<group>"; };
		14AEBDC71B7328F600C3C42E /* SMPostTopicListTableViewCell.m */ = {isa = PBXFileReference; fileEncoding = 4; lastKnownFileType = sourcecode.c.objc; name = SMPostTopicListTableViewCell.m; path = CustomView/CustomCell/SMPostTopicListTableViewCell/SMPostTopicListTableViewCell.m; sourceTree = "<group>"; };
		14AEBDC81B7328F600C3C42E /* SMPostTopicListTableViewCell.xib */ = {isa = PBXFileReference; fileEncoding = 4; lastKnownFileType = file.xib; name = SMPostTopicListTableViewCell.xib; path = CustomView/CustomCell/SMPostTopicListTableViewCell/SMPostTopicListTableViewCell.xib; sourceTree = "<group>"; };
		14BF0FA41B8086FD00FAF970 /* FrameAccessor.h */ = {isa = PBXFileReference; fileEncoding = 4; lastKnownFileType = sourcecode.c.h; name = FrameAccessor.h; path = UILib/SCPullRefresh/Additions/FrameAccessor/FrameAccessor.h; sourceTree = "<group>"; };
		14BF0FA51B8086FD00FAF970 /* ScrollViewFrameAccessor.h */ = {isa = PBXFileReference; fileEncoding = 4; lastKnownFileType = sourcecode.c.h; name = ScrollViewFrameAccessor.h; path = UILib/SCPullRefresh/Additions/FrameAccessor/ScrollViewFrameAccessor.h; sourceTree = "<group>"; };
		14BF0FA61B8086FD00FAF970 /* ScrollViewFrameAccessor.m */ = {isa = PBXFileReference; fileEncoding = 4; lastKnownFileType = sourcecode.c.objc; name = ScrollViewFrameAccessor.m; path = UILib/SCPullRefresh/Additions/FrameAccessor/ScrollViewFrameAccessor.m; sourceTree = "<group>"; };
		14BF0FA71B8086FD00FAF970 /* ViewFrameAccessor.h */ = {isa = PBXFileReference; fileEncoding = 4; lastKnownFileType = sourcecode.c.h; name = ViewFrameAccessor.h; path = UILib/SCPullRefresh/Additions/FrameAccessor/ViewFrameAccessor.h; sourceTree = "<group>"; };
		14BF0FA81B8086FD00FAF970 /* ViewFrameAccessor.m */ = {isa = PBXFileReference; fileEncoding = 4; lastKnownFileType = sourcecode.c.objc; name = ViewFrameAccessor.m; path = UILib/SCPullRefresh/Additions/FrameAccessor/ViewFrameAccessor.m; sourceTree = "<group>"; };
		14BF0FAB1B80870F00FAF970 /* DACircularProgressView.h */ = {isa = PBXFileReference; fileEncoding = 4; lastKnownFileType = sourcecode.c.h; name = DACircularProgressView.h; path = UILib/SCPullRefresh/Additions/DACircularProgress/DACircularProgressView.h; sourceTree = "<group>"; };
		14BF0FAC1B80870F00FAF970 /* DACircularProgressView.m */ = {isa = PBXFileReference; fileEncoding = 4; lastKnownFileType = sourcecode.c.objc; name = DACircularProgressView.m; path = UILib/SCPullRefresh/Additions/DACircularProgress/DACircularProgressView.m; sourceTree = "<group>"; };
		14BF0FAF1B80A1EA00FAF970 /* SMValidation.h */ = {isa = PBXFileReference; fileEncoding = 4; lastKnownFileType = sourcecode.c.h; name = SMValidation.h; path = SMNet/SMValidation/SMValidation.h; sourceTree = "<group>"; };
		14BF0FB01B80A1EA00FAF970 /* SMValidation.m */ = {isa = PBXFileReference; fileEncoding = 4; lastKnownFileType = sourcecode.c.objc; name = SMValidation.m; path = SMNet/SMValidation/SMValidation.m; sourceTree = "<group>"; };
		14BF0FB21B80A20E00FAF970 /* SMHttpDataManager.h */ = {isa = PBXFileReference; fileEncoding = 4; lastKnownFileType = sourcecode.c.h; name = SMHttpDataManager.h; path = SMNet/SMHttpDataManager/SMHttpDataManager.h; sourceTree = "<group>"; };
		14BF0FB31B80A20E00FAF970 /* SMHttpDataManager.m */ = {isa = PBXFileReference; fileEncoding = 4; lastKnownFileType = sourcecode.c.objc; name = SMHttpDataManager.m; path = SMNet/SMHttpDataManager/SMHttpDataManager.m; sourceTree = "<group>"; };
		14BF0FB51B80A39200FAF970 /* SMErr.h */ = {isa = PBXFileReference; fileEncoding = 4; lastKnownFileType = sourcecode.c.h; path = SMErr.h; sourceTree = "<group>"; };
		14BF0FB61B80A39200FAF970 /* SMErr.m */ = {isa = PBXFileReference; fileEncoding = 4; lastKnownFileType = sourcecode.c.objc; path = SMErr.m; sourceTree = "<group>"; };
		14BF0FB91B80B8F300FAF970 /* SMLoginViewController.h */ = {isa = PBXFileReference; fileEncoding = 4; lastKnownFileType = sourcecode.c.h; name = SMLoginViewController.h; path = SMViewControllers/SMLoginViewController/SMLoginViewController.h; sourceTree = "<group>"; };
		14BF0FBA1B80B8F300FAF970 /* SMLoginViewController.m */ = {isa = PBXFileReference; fileEncoding = 4; lastKnownFileType = sourcecode.c.objc; name = SMLoginViewController.m; path = SMViewControllers/SMLoginViewController/SMLoginViewController.m; sourceTree = "<group>"; };
		14BF0FBB1B80B8F300FAF970 /* SMLoginViewController.xib */ = {isa = PBXFileReference; fileEncoding = 4; lastKnownFileType = file.xib; name = SMLoginViewController.xib; path = SMViewControllers/SMLoginViewController/SMLoginViewController.xib; sourceTree = "<group>"; };
		14BF0FBF1B8190AC00FAF970 /* SMLoginInputTableViewCell.h */ = {isa = PBXFileReference; fileEncoding = 4; lastKnownFileType = sourcecode.c.h; name = SMLoginInputTableViewCell.h; path = CustomView/CustomCell/SMLoginInputTableViewCell/SMLoginInputTableViewCell.h; sourceTree = "<group>"; };
		14BF0FC01B8190AC00FAF970 /* SMLoginInputTableViewCell.m */ = {isa = PBXFileReference; fileEncoding = 4; lastKnownFileType = sourcecode.c.objc; name = SMLoginInputTableViewCell.m; path = CustomView/CustomCell/SMLoginInputTableViewCell/SMLoginInputTableViewCell.m; sourceTree = "<group>"; };
		14BF0FC11B8190AC00FAF970 /* SMLoginInputTableViewCell.xib */ = {isa = PBXFileReference; fileEncoding = 4; lastKnownFileType = file.xib; name = SMLoginInputTableViewCell.xib; path = CustomView/CustomCell/SMLoginInputTableViewCell/SMLoginInputTableViewCell.xib; sourceTree = "<group>"; };
		14CE72D61B6B311F00D7F3B6 /* SMLatestPostsViewController.h */ = {isa = PBXFileReference; fileEncoding = 4; lastKnownFileType = sourcecode.c.h; name = SMLatestPostsViewController.h; path = SMViewControllers/SMLatestPostsViewController/SMLatestPostsViewController.h; sourceTree = "<group>"; };
		14CE72D71B6B311F00D7F3B6 /* SMLatestPostsViewController.m */ = {isa = PBXFileReference; fileEncoding = 4; lastKnownFileType = sourcecode.c.objc; name = SMLatestPostsViewController.m; path = SMViewControllers/SMLatestPostsViewController/SMLatestPostsViewController.m; sourceTree = "<group>"; };
		14CE72DA1B6B315300D7F3B6 /* SMCategoriesViewController.h */ = {isa = PBXFileReference; fileEncoding = 4; lastKnownFileType = sourcecode.c.h; name = SMCategoriesViewController.h; path = SMViewControllers/SMCategoriesViewController/SMCategoriesViewController.h; sourceTree = "<group>"; };
		14CE72DB1B6B315300D7F3B6 /* SMCategoriesViewController.m */ = {isa = PBXFileReference; fileEncoding = 4; lastKnownFileType = sourcecode.c.objc; name = SMCategoriesViewController.m; path = SMViewControllers/SMCategoriesViewController/SMCategoriesViewController.m; sourceTree = "<group>"; };
		14CE72DE1B6B317C00D7F3B6 /* SMNotificationViewController.h */ = {isa = PBXFileReference; fileEncoding = 4; lastKnownFileType = sourcecode.c.h; name = SMNotificationViewController.h; path = SMViewControllers/SMNotificationViewController/SMNotificationViewController.h; sourceTree = "<group>"; };
		14CE72DF1B6B317C00D7F3B6 /* SMNotificationViewController.m */ = {isa = PBXFileReference; fileEncoding = 4; lastKnownFileType = sourcecode.c.objc; name = SMNotificationViewController.m; path = SMViewControllers/SMNotificationViewController/SMNotificationViewController.m; sourceTree = "<group>"; };
		14CE72E21B6B31B300D7F3B6 /* SMAboutViewController.h */ = {isa = PBXFileReference; fileEncoding = 4; lastKnownFileType = sourcecode.c.h; name = SMAboutViewController.h; path = SMViewControllers/SMAboutViewController/SMAboutViewController.h; sourceTree = "<group>"; };
		14CE72E31B6B31B300D7F3B6 /* SMAboutViewController.m */ = {isa = PBXFileReference; fileEncoding = 4; lastKnownFileType = sourcecode.c.objc; name = SMAboutViewController.m; path = SMViewControllers/SMAboutViewController/SMAboutViewController.m; sourceTree = "<group>"; };
		14CE72E41B6B31B300D7F3B6 /* SMAboutViewController.xib */ = {isa = PBXFileReference; fileEncoding = 4; lastKnownFileType = file.xib; name = SMAboutViewController.xib; path = SMViewControllers/SMAboutViewController/SMAboutViewController.xib; sourceTree = "<group>"; };
		14D7D8361B949BBF00C92AB2 /* SMNotificationTableViewCell.h */ = {isa = PBXFileReference; fileEncoding = 4; lastKnownFileType = sourcecode.c.h; name = SMNotificationTableViewCell.h; path = CustomView/CustomCell/SMNotificationTableViewCell/SMNotificationTableViewCell.h; sourceTree = "<group>"; };
		14D7D8371B949BBF00C92AB2 /* SMNotificationTableViewCell.m */ = {isa = PBXFileReference; fileEncoding = 4; lastKnownFileType = sourcecode.c.objc; name = SMNotificationTableViewCell.m; path = CustomView/CustomCell/SMNotificationTableViewCell/SMNotificationTableViewCell.m; sourceTree = "<group>"; };
		14D7D8381B949BBF00C92AB2 /* SMNotificationTableViewCell.xib */ = {isa = PBXFileReference; fileEncoding = 4; lastKnownFileType = file.xib; name = SMNotificationTableViewCell.xib; path = CustomView/CustomCell/SMNotificationTableViewCell/SMNotificationTableViewCell.xib; sourceTree = "<group>"; };
		14D7D83B1B949C4800C92AB2 /* SMNotification.h */ = {isa = PBXFileReference; fileEncoding = 4; lastKnownFileType = sourcecode.c.h; name = SMNotification.h; path = Model/Notification/SMNotification.h; sourceTree = "<group>"; };
		14D7D83C1B949C4800C92AB2 /* SMNotification.m */ = {isa = PBXFileReference; fileEncoding = 4; lastKnownFileType = sourcecode.c.objc; name = SMNotification.m; path = Model/Notification/SMNotification.m; sourceTree = "<group>"; };
		14D8A59E1BB1A5E500D40E2A /* NSDate+SMDate.h */ = {isa = PBXFileReference; fileEncoding = 4; lastKnownFileType = sourcecode.c.h; path = "NSDate+SMDate.h"; sourceTree = "<group>"; };
		14D8A59F1BB1A5E500D40E2A /* NSDate+SMDate.m */ = {isa = PBXFileReference; fileEncoding = 4; lastKnownFileType = sourcecode.c.objc; path = "NSDate+SMDate.m"; sourceTree = "<group>"; };
		14D8A5A21BB26DA900D40E2A /* SMSettingsViewController.h */ = {isa = PBXFileReference; fileEncoding = 4; lastKnownFileType = sourcecode.c.h; name = SMSettingsViewController.h; path = SMViewControllers/SMSettingsViewController/SMSettingsViewController.h; sourceTree = "<group>"; };
		14D8A5A31BB26DA900D40E2A /* SMSettingsViewController.m */ = {isa = PBXFileReference; fileEncoding = 4; lastKnownFileType = sourcecode.c.objc; name = SMSettingsViewController.m; path = SMViewControllers/SMSettingsViewController/SMSettingsViewController.m; sourceTree = "<group>"; };
		14D8A5A41BB26DA900D40E2A /* SMSettingsViewController.xib */ = {isa = PBXFileReference; fileEncoding = 4; lastKnownFileType = file.xib; name = SMSettingsViewController.xib; path = SMViewControllers/SMSettingsViewController/SMSettingsViewController.xib; sourceTree = "<group>"; };
		14D99EF41B89ACC100C0965D /* SMPostTopicReplyListTableViewCell.h */ = {isa = PBXFileReference; fileEncoding = 4; lastKnownFileType = sourcecode.c.h; name = SMPostTopicReplyListTableViewCell.h; path = CustomView/CustomCell/SMPostTopicReplyListTableViewCell/SMPostTopicReplyListTableViewCell.h; sourceTree = "<group>"; };
		14D99EF51B89ACC100C0965D /* SMPostTopicReplyListTableViewCell.m */ = {isa = PBXFileReference; fileEncoding = 4; lastKnownFileType = sourcecode.c.objc; name = SMPostTopicReplyListTableViewCell.m; path = CustomView/CustomCell/SMPostTopicReplyListTableViewCell/SMPostTopicReplyListTableViewCell.m; sourceTree = "<group>"; };
		14D99EF61B89ACC100C0965D /* SMPostTopicReplyListTableViewCell.xib */ = {isa = PBXFileReference; fileEncoding = 4; lastKnownFileType = file.xib; name = SMPostTopicReplyListTableViewCell.xib; path = CustomView/CustomCell/SMPostTopicReplyListTableViewCell/SMPostTopicReplyListTableViewCell.xib; sourceTree = "<group>"; };
		14D99EFA1B89AD3900C0965D /* SMPostTopicReplyListViewController.h */ = {isa = PBXFileReference; fileEncoding = 4; lastKnownFileType = sourcecode.c.h; name = SMPostTopicReplyListViewController.h; path = SMViewControllers/SMPostTopicReplyListViewController/SMPostTopicReplyListViewController.h; sourceTree = "<group>"; };
		14D99EFB1B89AD3900C0965D /* SMPostTopicReplyListViewController.m */ = {isa = PBXFileReference; fileEncoding = 4; lastKnownFileType = sourcecode.c.objc; name = SMPostTopicReplyListViewController.m; path = SMViewControllers/SMPostTopicReplyListViewController/SMPostTopicReplyListViewController.m; sourceTree = "<group>"; };
		14D99EFC1B89AD3900C0965D /* SMPostTopicReplyListViewController.xib */ = {isa = PBXFileReference; fileEncoding = 4; lastKnownFileType = file.xib; name = SMPostTopicReplyListViewController.xib; path = SMViewControllers/SMPostTopicReplyListViewController/SMPostTopicReplyListViewController.xib; sourceTree = "<group>"; };
		14D99EFF1B89EEDB00C0965D /* SMTopicReply.h */ = {isa = PBXFileReference; fileEncoding = 4; lastKnownFileType = sourcecode.c.h; name = SMTopicReply.h; path = Model/Topic/SMTopicReply.h; sourceTree = "<group>"; };
		14D99F001B89EEDB00C0965D /* SMTopicReply.m */ = {isa = PBXFileReference; fileEncoding = 4; lastKnownFileType = sourcecode.c.objc; name = SMTopicReply.m; path = Model/Topic/SMTopicReply.m; sourceTree = "<group>"; };
		14E78F8E1B78E79E00523970 /* SMLeftSideViewTableViewCell.h */ = {isa = PBXFileReference; fileEncoding = 4; lastKnownFileType = sourcecode.c.h; name = SMLeftSideViewTableViewCell.h; path = CustomView/CustomCell/SMLeftSideViewTableViewCell/SMLeftSideViewTableViewCell.h; sourceTree = "<group>"; };
		14E78F8F1B78E79E00523970 /* SMLeftSideViewTableViewCell.m */ = {isa = PBXFileReference; fileEncoding = 4; lastKnownFileType = sourcecode.c.objc; name = SMLeftSideViewTableViewCell.m; path = CustomView/CustomCell/SMLeftSideViewTableViewCell/SMLeftSideViewTableViewCell.m; sourceTree = "<group>"; };
		14E78F901B78E79E00523970 /* SMLeftSideViewTableViewCell.xib */ = {isa = PBXFileReference; fileEncoding = 4; lastKnownFileType = file.xib; name = SMLeftSideViewTableViewCell.xib; path = CustomView/CustomCell/SMLeftSideViewTableViewCell/SMLeftSideViewTableViewCell.xib; sourceTree = "<group>"; };
		14E78F961B78E7C600523970 /* NSURL+SMURL.h */ = {isa = PBXFileReference; fileEncoding = 4; lastKnownFileType = sourcecode.c.h; name = "NSURL+SMURL.h"; path = "OC_Category/NSURL+SMURL.h"; sourceTree = "<group>"; };
		14E78F971B78E7C600523970 /* NSURL+SMURL.m */ = {isa = PBXFileReference; fileEncoding = 4; lastKnownFileType = sourcecode.c.objc; name = "NSURL+SMURL.m"; path = "OC_Category/NSURL+SMURL.m"; sourceTree = "<group>"; };
		14E78F981B78E7C600523970 /* NSUserDefaults+SMUserDefaults.h */ = {isa = PBXFileReference; fileEncoding = 4; lastKnownFileType = sourcecode.c.h; name = "NSUserDefaults+SMUserDefaults.h"; path = "OC_Category/NSUserDefaults+SMUserDefaults.h"; sourceTree = "<group>"; };
		14E78F991B78E7C600523970 /* NSUserDefaults+SMUserDefaults.m */ = {isa = PBXFileReference; fileEncoding = 4; lastKnownFileType = sourcecode.c.objc; name = "NSUserDefaults+SMUserDefaults.m"; path = "OC_Category/NSUserDefaults+SMUserDefaults.m"; sourceTree = "<group>"; };
		14E78F9A1B78E7C600523970 /* UIColor+SMColor.h */ = {isa = PBXFileReference; fileEncoding = 4; lastKnownFileType = sourcecode.c.h; name = "UIColor+SMColor.h"; path = "OC_Category/UIColor+SMColor.h"; sourceTree = "<group>"; };
		14E78F9B1B78E7C600523970 /* UIColor+SMColor.m */ = {isa = PBXFileReference; fileEncoding = 4; lastKnownFileType = sourcecode.c.objc; name = "UIColor+SMColor.m"; path = "OC_Category/UIColor+SMColor.m"; sourceTree = "<group>"; };
		2BA567F2AE403AD275B3D2A5 /* Pods.debug.xcconfig */ = {isa = PBXFileReference; includeInIndex = 1; lastKnownFileType = text.xcconfig; name = Pods.debug.xcconfig; path = "Pods/Target Support Files/Pods/Pods.debug.xcconfig"; sourceTree = "<group>"; };
		3BEE2A7B6C980488E9295CBC /* libPods.a */ = {isa = PBXFileReference; explicitFileType = archive.ar; includeInIndex = 0; path = libPods.a; sourceTree = BUILT_PRODUCTS_DIR; };
		43EA34263FE76C9E2A553A79 /* Pods.release.xcconfig */ = {isa = PBXFileReference; includeInIndex = 1; lastKnownFileType = text.xcconfig; name = Pods.release.xcconfig; path = "Pods/Target Support Files/Pods/Pods.release.xcconfig"; sourceTree = "<group>"; };
/* End PBXFileReference section */

/* Begin PBXFrameworksBuildPhase section */
		141A5BBE1B63187700A5F666 /* Frameworks */ = {
			isa = PBXFrameworksBuildPhase;
			buildActionMask = 2147483647;
			files = (
				859767C3ABBA07D5CE7051D8 /* libPods.a in Frameworks */,
			);
			runOnlyForDeploymentPostprocessing = 0;
		};
		141A5BD71B63187700A5F666 /* Frameworks */ = {
			isa = PBXFrameworksBuildPhase;
			buildActionMask = 2147483647;
			files = (
			);
			runOnlyForDeploymentPostprocessing = 0;
		};
/* End PBXFrameworksBuildPhase section */

/* Begin PBXGroup section */
		140403841B6B6C4B00DD4442 /* SMHttpDataManager */ = {
			isa = PBXGroup;
			children = (
				14BF0FB21B80A20E00FAF970 /* SMHttpDataManager.h */,
				14BF0FB31B80A20E00FAF970 /* SMHttpDataManager.m */,
			);
			name = SMHttpDataManager;
			sourceTree = "<group>";
		};
		141556A91B943F2A00B006F5 /* Notification */ = {
			isa = PBXGroup;
			children = (
				14D7D83B1B949C4800C92AB2 /* SMNotification.h */,
				14D7D83C1B949C4800C92AB2 /* SMNotification.m */,
			);
			name = Notification;
			sourceTree = "<group>";
		};
		141556AD1B944DA000B006F5 /* SMNotificationTableViewCell */ = {
			isa = PBXGroup;
			children = (
				14D7D8361B949BBF00C92AB2 /* SMNotificationTableViewCell.h */,
				14D7D8371B949BBF00C92AB2 /* SMNotificationTableViewCell.m */,
				14D7D8381B949BBF00C92AB2 /* SMNotificationTableViewCell.xib */,
			);
			name = SMNotificationTableViewCell;
			sourceTree = "<group>";
		};
		141A5BB81B63187700A5F666 = {
			isa = PBXGroup;
			children = (
				141A5BC31B63187700A5F666 /* StudentMe-iOS */,
				141A5BDD1B63187700A5F666 /* StudentMe-iOSTests */,
				141A5BC21B63187700A5F666 /* Products */,
				8E54C2D08203157F583F59AA /* Pods */,
				36FB36218007C8E16C87FDC6 /* Frameworks */,
			);
			sourceTree = "<group>";
		};
		141A5BC21B63187700A5F666 /* Products */ = {
			isa = PBXGroup;
			children = (
				141A5BC11B63187700A5F666 /* StudentMe-iOS.app */,
				141A5BDA1B63187700A5F666 /* StudentMe-iOSTests.xctest */,
			);
			name = Products;
			sourceTree = "<group>";
		};
		141A5BC31B63187700A5F666 /* StudentMe-iOS */ = {
			isa = PBXGroup;
			children = (
				14E78F8D1B78E69700523970 /* OC_Category */,
				1420430C1B6F8FF80092A6D7 /* Model */,
				14808F621B68CDCF00813830 /* UILib */,
				141A5C151B63A50300A5F666 /* SMVisualStateManager */,
				141A5C091B639F5700A5F666 /* CustomView */,
				141A5BFD1B639BCF00A5F666 /* App */,
				141A5BF41B639A8C00A5F666 /* SMViewControllers */,
				141A5BEF1B638FB900A5F666 /* SMNet */,
				141A5BCE1B63187700A5F666 /* Main.storyboard */,
				141A5BD11B63187700A5F666 /* Images.xcassets */,
				141A5BD31B63187700A5F666 /* LaunchScreen.xib */,
				141A5BC41B63187700A5F666 /* Supporting Files */,
			);
			path = "StudentMe-iOS";
			sourceTree = "<group>";
		};
		141A5BC41B63187700A5F666 /* Supporting Files */ = {
			isa = PBXGroup;
			children = (
				1483A2781BE3AD8D00B5C457 /* SMCategories.json */,
				141A5BC51B63187700A5F666 /* Info.plist */,
				141A5BC61B63187700A5F666 /* main.m */,
			);
			name = "Supporting Files";
			sourceTree = "<group>";
		};
		141A5BDD1B63187700A5F666 /* StudentMe-iOSTests */ = {
			isa = PBXGroup;
			children = (
				141A5BE01B63187700A5F666 /* StudentMe_iOSTests.m */,
				141A5BDE1B63187700A5F666 /* Supporting Files */,
				1417D05A1B6CC5280052E51B /* TestMock.h */,
			);
			path = "StudentMe-iOSTests";
			sourceTree = "<group>";
		};
		141A5BDE1B63187700A5F666 /* Supporting Files */ = {
			isa = PBXGroup;
			children = (
				141A5BDF1B63187700A5F666 /* Info.plist */,
			);
			name = "Supporting Files";
			sourceTree = "<group>";
		};
		141A5BEF1B638FB900A5F666 /* SMNet */ = {
			isa = PBXGroup;
			children = (
				14BF0FAE1B80A1BC00FAF970 /* SMValidation */,
				140403841B6B6C4B00DD4442 /* SMHttpDataManager */,
			);
			name = SMNet;
			sourceTree = "<group>";
		};
		141A5BF41B639A8C00A5F666 /* SMViewControllers */ = {
			isa = PBXGroup;
			children = (
				14D8A5A11BB26D8400D40E2A /* SMSettingsViewController */,
				14874A631B8B118200F0FF99 /* SMWriteReplyViewController */,
				14D99EF91B89AD0600C0965D /* SMPostTopicReplyListViewController */,
				14BF0FB81B80B8C800FAF970 /* SMLoginViewController */,
				14CE72E11B6B318900D7F3B6 /* SMAboutViewController */,
				14CE72DD1B6B315C00D7F3B6 /* SMNotificationViewController */,
				14CE72D91B6B312E00D7F3B6 /* SMCategoriesViewController */,
				14CE72D51B6B30D600D7F3B6 /* SMLatestPostsViewController */,
				141A5C111B63A39D00A5F666 /* SMNavigationViewController */,
				141A5C051B639EAF00A5F666 /* SMSideDrawerViewController */,
				141A5BF61B639AC300A5F666 /* SMBaseViewController */,
				141A5BF51B639A9300A5F666 /* SMHost */,
			);
			name = SMViewControllers;
			sourceTree = "<group>";
		};
		141A5BF51B639A9300A5F666 /* SMHost */ = {
			isa = PBXGroup;
			children = (
				141A5C021B639DF200A5F666 /* SMHostViewController.h */,
				141A5C031B639DF200A5F666 /* SMHostViewController.m */,
			);
			name = SMHost;
			sourceTree = "<group>";
		};
		141A5BF61B639AC300A5F666 /* SMBaseViewController */ = {
			isa = PBXGroup;
			children = (
				141A5BFA1B639B3500A5F666 /* SMBaseViewController.h */,
				141A5BFB1B639B3500A5F666 /* SMBaseViewController.m */,
			);
			name = SMBaseViewController;
			sourceTree = "<group>";
		};
		141A5BFD1B639BCF00A5F666 /* App */ = {
			isa = PBXGroup;
			children = (
				141A5BFE1B639BDD00A5F666 /* AppDelegate.h */,
				141A5BFF1B639BDD00A5F666 /* AppDelegate.m */,
				141A5C011B639C0300A5F666 /* StudentMe-Prefix.pch */,
			);
			name = App;
			sourceTree = "<group>";
		};
		141A5C051B639EAF00A5F666 /* SMSideDrawerViewController */ = {
			isa = PBXGroup;
			children = (
				141A5C061B639EC100A5F666 /* SMSideDrawerViewController.h */,
				141A5C071B639EC100A5F666 /* SMSideDrawerViewController.m */,
			);
			name = SMSideDrawerViewController;
			sourceTree = "<group>";
		};
		141A5C091B639F5700A5F666 /* CustomView */ = {
			isa = PBXGroup;
			children = (
				14602B831BA3D2D4003DEC44 /* IndicatorTitleView */,
				14874A5F1B8AC3F200F0FF99 /* SMAutoSizeLabel */,
				141A5C0A1B639F6600A5F666 /* CustomCell */,
			);
			name = CustomView;
			sourceTree = "<group>";
		};
		141A5C0A1B639F6600A5F666 /* CustomCell */ = {
			isa = PBXGroup;
			children = (
				141556AD1B944DA000B006F5 /* SMNotificationTableViewCell */,
				14D99EF31B89AC8700C0965D /* SMPostTopicReplyListTableViewCell */,
				14BF0FBE1B81907800FAF970 /* SMLoginInputTableViewCell */,
				14AEBDC51B7328B500C3C42E /* SMPostTopicListTableViewCell */,
				1474587B1B6678F900B282D6 /* SMLeftSideAvatarViewTableViewCell */,
				141A5C101B639FE900A5F666 /* SMLeftSideViewTableViewCell */,
			);
			name = CustomCell;
			sourceTree = "<group>";
		};
		141A5C101B639FE900A5F666 /* SMLeftSideViewTableViewCell */ = {
			isa = PBXGroup;
			children = (
				14E78F8E1B78E79E00523970 /* SMLeftSideViewTableViewCell.h */,
				14E78F8F1B78E79E00523970 /* SMLeftSideViewTableViewCell.m */,
				14E78F901B78E79E00523970 /* SMLeftSideViewTableViewCell.xib */,
			);
			name = SMLeftSideViewTableViewCell;
			sourceTree = "<group>";
		};
		141A5C111B63A39D00A5F666 /* SMNavigationViewController */ = {
			isa = PBXGroup;
			children = (
				141A5C121B63A3DB00A5F666 /* SMNavigationViewController.h */,
				141A5C131B63A3DB00A5F666 /* SMNavigationViewController.m */,
			);
			name = SMNavigationViewController;
			sourceTree = "<group>";
		};
		141A5C151B63A50300A5F666 /* SMVisualStateManager */ = {
			isa = PBXGroup;
			children = (
				141A5C161B63A52A00A5F666 /* SMDrawerVisualStateManager.h */,
				141A5C171B63A52A00A5F666 /* SMDrawerVisualStateManager.m */,
			);
			name = SMVisualStateManager;
			sourceTree = "<group>";
		};
		1420430C1B6F8FF80092A6D7 /* Model */ = {
			isa = PBXGroup;
			children = (
				141556A91B943F2A00B006F5 /* Notification */,
				1420435B1B7219670092A6D7 /* User */,
				1420430D1B6F90060092A6D7 /* Topic */,
			);
			name = Model;
			sourceTree = "<group>";
		};
		1420430D1B6F90060092A6D7 /* Topic */ = {
			isa = PBXGroup;
			children = (
				14A119E61B7DBB5500319F45 /* SMTopicListFilter.h */,
				14A119E71B7DBB5500319F45 /* SMTopicListFilter.m */,
				14A119E91B7DBB7800319F45 /* SMTopic.h */,
				14A119EA1B7DBB7800319F45 /* SMTopic.m */,
				14D99EFF1B89EEDB00C0965D /* SMTopicReply.h */,
				14D99F001B89EEDB00C0965D /* SMTopicReply.m */,
				14874A691B900E4C00F0FF99 /* SMTopicCreateFilter.h */,
				14874A6A1B900E4C00F0FF99 /* SMTopicCreateFilter.m */,
			);
			name = Topic;
			sourceTree = "<group>";
		};
		1420435B1B7219670092A6D7 /* User */ = {
			isa = PBXGroup;
			children = (
				1420435C1B7219900092A6D7 /* SMUser.h */,
				1420435D1B7219900092A6D7 /* SMUser.m */,
			);
			name = User;
			sourceTree = "<group>";
		};
		14602B831BA3D2D4003DEC44 /* IndicatorTitleView */ = {
			isa = PBXGroup;
			children = (
				14602B841BA3D31D003DEC44 /* SCIndicatorTitleView.h */,
				14602B851BA3D31D003DEC44 /* SCIndicatorTitleView.m */,
			);
			name = IndicatorTitleView;
			sourceTree = "<group>";
		};
		146A10551B80810800176D7A /* SCPullRefresh */ = {
			isa = PBXGroup;
			children = (
				14BF0FA11B8086AE00FAF970 /* Additions */,
				146A10571B80813D00176D7A /* SCBubbleRefreshView.h */,
				146A10581B80813D00176D7A /* SCBubbleRefreshView.m */,
				146A10591B80813D00176D7A /* SCCircularRefreshView.h */,
				146A105A1B80813D00176D7A /* SCCircularRefreshView.m */,
				146A105B1B80813D00176D7A /* SCPullRefreshViewController.h */,
				146A105C1B80813D00176D7A /* SCPullRefreshViewController.m */,
				146A10561B80810C00176D7A /* CAAnimationBlocks */,
			);
			name = SCPullRefresh;
			sourceTree = "<group>";
		};
		146A10561B80810C00176D7A /* CAAnimationBlocks */ = {
			isa = PBXGroup;
			children = (
				146A10601B80814700176D7A /* CAAnimation+Blocks.h */,
				146A10611B80814700176D7A /* CAAnimation+Blocks.m */,
			);
			name = CAAnimationBlocks;
			sourceTree = "<group>";
		};
		1474587B1B6678F900B282D6 /* SMLeftSideAvatarViewTableViewCell */ = {
			isa = PBXGroup;
			children = (
				1474587C1B66795800B282D6 /* SMLeftSideAvatarViewTableViewCell.h */,
				1474587D1B66795800B282D6 /* SMLeftSideAvatarViewTableViewCell.m */,
				1474587E1B66795800B282D6 /* SMLeftSideAvatarViewTableViewCell.xib */,
			);
			name = SMLeftSideAvatarViewTableViewCell;
			sourceTree = "<group>";
		};
		14808F621B68CDCF00813830 /* UILib */ = {
			isa = PBXGroup;
			children = (
				146A10551B80810800176D7A /* SCPullRefresh */,
			);
			name = UILib;
			sourceTree = "<group>";
		};
		14874A5F1B8AC3F200F0FF99 /* SMAutoSizeLabel */ = {
			isa = PBXGroup;
			children = (
				14874A601B8AC42700F0FF99 /* SMAutoSizeLabel.h */,
				14874A611B8AC42700F0FF99 /* SMAutoSizeLabel.m */,
			);
			name = SMAutoSizeLabel;
			sourceTree = "<group>";
		};
		14874A631B8B118200F0FF99 /* SMWriteReplyViewController */ = {
			isa = PBXGroup;
			children = (
				14874A641B8B11B300F0FF99 /* SMWriteReplyViewController.h */,
				14874A651B8B11B300F0FF99 /* SMWriteReplyViewController.m */,
				14874A661B8B11B300F0FF99 /* SMWriteReplyViewController.xib */,
			);
			name = SMWriteReplyViewController;
			sourceTree = "<group>";
		};
		14AEBDC51B7328B500C3C42E /* SMPostTopicListTableViewCell */ = {
			isa = PBXGroup;
			children = (
				14AEBDC61B7328F600C3C42E /* SMPostTopicListTableViewCell.h */,
				14AEBDC71B7328F600C3C42E /* SMPostTopicListTableViewCell.m */,
				14AEBDC81B7328F600C3C42E /* SMPostTopicListTableViewCell.xib */,
			);
			name = SMPostTopicListTableViewCell;
			sourceTree = "<group>";
		};
		14BF0FA11B8086AE00FAF970 /* Additions */ = {
			isa = PBXGroup;
			children = (
				14BF0FA31B8086F000FAF970 /* FrameAccessor */,
				14BF0FA21B8086E400FAF970 /* DACircularProgress */,
			);
			name = Additions;
			sourceTree = "<group>";
		};
		14BF0FA21B8086E400FAF970 /* DACircularProgress */ = {
			isa = PBXGroup;
			children = (
				14BF0FAB1B80870F00FAF970 /* DACircularProgressView.h */,
				14BF0FAC1B80870F00FAF970 /* DACircularProgressView.m */,
			);
			name = DACircularProgress;
			sourceTree = "<group>";
		};
		14BF0FA31B8086F000FAF970 /* FrameAccessor */ = {
			isa = PBXGroup;
			children = (
				14BF0FA41B8086FD00FAF970 /* FrameAccessor.h */,
				14BF0FA51B8086FD00FAF970 /* ScrollViewFrameAccessor.h */,
				14BF0FA61B8086FD00FAF970 /* ScrollViewFrameAccessor.m */,
				14BF0FA71B8086FD00FAF970 /* ViewFrameAccessor.h */,
				14BF0FA81B8086FD00FAF970 /* ViewFrameAccessor.m */,
			);
			name = FrameAccessor;
			sourceTree = "<group>";
		};
		14BF0FAE1B80A1BC00FAF970 /* SMValidation */ = {
			isa = PBXGroup;
			children = (
				14BF0FAF1B80A1EA00FAF970 /* SMValidation.h */,
				14BF0FB01B80A1EA00FAF970 /* SMValidation.m */,
				14BF0FB51B80A39200FAF970 /* SMErr.h */,
				14BF0FB61B80A39200FAF970 /* SMErr.m */,
			);
			name = SMValidation;
			sourceTree = "<group>";
		};
		14BF0FB81B80B8C800FAF970 /* SMLoginViewController */ = {
			isa = PBXGroup;
			children = (
				14BF0FB91B80B8F300FAF970 /* SMLoginViewController.h */,
				14BF0FBA1B80B8F300FAF970 /* SMLoginViewController.m */,
				14BF0FBB1B80B8F300FAF970 /* SMLoginViewController.xib */,
			);
			name = SMLoginViewController;
			sourceTree = "<group>";
		};
		14BF0FBE1B81907800FAF970 /* SMLoginInputTableViewCell */ = {
			isa = PBXGroup;
			children = (
				14BF0FBF1B8190AC00FAF970 /* SMLoginInputTableViewCell.h */,
				14BF0FC01B8190AC00FAF970 /* SMLoginInputTableViewCell.m */,
				14BF0FC11B8190AC00FAF970 /* SMLoginInputTableViewCell.xib */,
			);
			name = SMLoginInputTableViewCell;
			sourceTree = "<group>";
		};
		14CE72D51B6B30D600D7F3B6 /* SMLatestPostsViewController */ = {
			isa = PBXGroup;
			children = (
				14CE72D61B6B311F00D7F3B6 /* SMLatestPostsViewController.h */,
				14CE72D71B6B311F00D7F3B6 /* SMLatestPostsViewController.m */,
			);
			name = SMLatestPostsViewController;
			sourceTree = "<group>";
		};
		14CE72D91B6B312E00D7F3B6 /* SMCategoriesViewController */ = {
			isa = PBXGroup;
			children = (
				14CE72DA1B6B315300D7F3B6 /* SMCategoriesViewController.h */,
				14CE72DB1B6B315300D7F3B6 /* SMCategoriesViewController.m */,
			);
			name = SMCategoriesViewController;
			sourceTree = "<group>";
		};
		14CE72DD1B6B315C00D7F3B6 /* SMNotificationViewController */ = {
			isa = PBXGroup;
			children = (
				14CE72DE1B6B317C00D7F3B6 /* SMNotificationViewController.h */,
				14CE72DF1B6B317C00D7F3B6 /* SMNotificationViewController.m */,
			);
			name = SMNotificationViewController;
			sourceTree = "<group>";
		};
		14CE72E11B6B318900D7F3B6 /* SMAboutViewController */ = {
			isa = PBXGroup;
			children = (
				14CE72E21B6B31B300D7F3B6 /* SMAboutViewController.h */,
				14CE72E31B6B31B300D7F3B6 /* SMAboutViewController.m */,
				14CE72E41B6B31B300D7F3B6 /* SMAboutViewController.xib */,
			);
			name = SMAboutViewController;
			sourceTree = "<group>";
		};
		14D8A5A11BB26D8400D40E2A /* SMSettingsViewController */ = {
			isa = PBXGroup;
			children = (
				14D8A5A21BB26DA900D40E2A /* SMSettingsViewController.h */,
				14D8A5A31BB26DA900D40E2A /* SMSettingsViewController.m */,
				14D8A5A41BB26DA900D40E2A /* SMSettingsViewController.xib */,
				1483A27A1BE3B4EF00B5C457 /* SMAllCategoryViewController.h */,
				1483A27B1BE3B4EF00B5C457 /* SMAllCategoryViewController.m */,
			);
			name = SMSettingsViewController;
			sourceTree = "<group>";
		};
		14D99EF31B89AC8700C0965D /* SMPostTopicReplyListTableViewCell */ = {
			isa = PBXGroup;
			children = (
				14D99EF41B89ACC100C0965D /* SMPostTopicReplyListTableViewCell.h */,
				14D99EF51B89ACC100C0965D /* SMPostTopicReplyListTableViewCell.m */,
				14D99EF61B89ACC100C0965D /* SMPostTopicReplyListTableViewCell.xib */,
			);
			name = SMPostTopicReplyListTableViewCell;
			sourceTree = "<group>";
		};
		14D99EF91B89AD0600C0965D /* SMPostTopicReplyListViewController */ = {
			isa = PBXGroup;
			children = (
				14D99EFA1B89AD3900C0965D /* SMPostTopicReplyListViewController.h */,
				14D99EFB1B89AD3900C0965D /* SMPostTopicReplyListViewController.m */,
				14D99EFC1B89AD3900C0965D /* SMPostTopicReplyListViewController.xib */,
			);
			name = SMPostTopicReplyListViewController;
			sourceTree = "<group>";
		};
		14E78F8D1B78E69700523970 /* OC_Category */ = {
			isa = PBXGroup;
			children = (
				14A119D01B78EA1600319F45 /* UIViewController+SCCategorys.h */,
				14A119D11B78EA1600319F45 /* UIViewController+SCCategorys.m */,
				14E78F961B78E7C600523970 /* NSURL+SMURL.h */,
				14E78F971B78E7C600523970 /* NSURL+SMURL.m */,
				14E78F981B78E7C600523970 /* NSUserDefaults+SMUserDefaults.h */,
				14E78F991B78E7C600523970 /* NSUserDefaults+SMUserDefaults.m */,
				14E78F9A1B78E7C600523970 /* UIColor+SMColor.h */,
				14E78F9B1B78E7C600523970 /* UIColor+SMColor.m */,
				14D8A59E1BB1A5E500D40E2A /* NSDate+SMDate.h */,
				14D8A59F1BB1A5E500D40E2A /* NSDate+SMDate.m */,
			);
			name = OC_Category;
			sourceTree = "<group>";
		};
		36FB36218007C8E16C87FDC6 /* Frameworks */ = {
			isa = PBXGroup;
			children = (
				3BEE2A7B6C980488E9295CBC /* libPods.a */,
			);
			name = Frameworks;
			sourceTree = "<group>";
		};
		8E54C2D08203157F583F59AA /* Pods */ = {
			isa = PBXGroup;
			children = (
				2BA567F2AE403AD275B3D2A5 /* Pods.debug.xcconfig */,
				43EA34263FE76C9E2A553A79 /* Pods.release.xcconfig */,
			);
			name = Pods;
			sourceTree = "<group>";
		};
/* End PBXGroup section */

/* Begin PBXNativeTarget section */
		141A5BC01B63187700A5F666 /* StudentMe-iOS */ = {
			isa = PBXNativeTarget;
			buildConfigurationList = 141A5BE41B63187700A5F666 /* Build configuration list for PBXNativeTarget "StudentMe-iOS" */;
			buildPhases = (
				CF138579439CD57EBFA9BA8A /* Check Pods Manifest.lock */,
				141A5BBD1B63187700A5F666 /* Sources */,
				141A5BBE1B63187700A5F666 /* Frameworks */,
				141A5BBF1B63187700A5F666 /* Resources */,
				910282E1AA58B31E3BDC6C6A /* Copy Pods Resources */,
				4548245FE8720A3A6BFD4FD7 /* Embed Pods Frameworks */,
			);
			buildRules = (
			);
			dependencies = (
			);
			name = "StudentMe-iOS";
			productName = "StudentMe-iOS";
			productReference = 141A5BC11B63187700A5F666 /* StudentMe-iOS.app */;
			productType = "com.apple.product-type.application";
		};
		141A5BD91B63187700A5F666 /* StudentMe-iOSTests */ = {
			isa = PBXNativeTarget;
			buildConfigurationList = 141A5BE71B63187700A5F666 /* Build configuration list for PBXNativeTarget "StudentMe-iOSTests" */;
			buildPhases = (
				141A5BD61B63187700A5F666 /* Sources */,
				141A5BD71B63187700A5F666 /* Frameworks */,
				141A5BD81B63187700A5F666 /* Resources */,
			);
			buildRules = (
			);
			dependencies = (
				141A5BDC1B63187700A5F666 /* PBXTargetDependency */,
			);
			name = "StudentMe-iOSTests";
			productName = "StudentMe-iOSTests";
			productReference = 141A5BDA1B63187700A5F666 /* StudentMe-iOSTests.xctest */;
			productType = "com.apple.product-type.bundle.unit-test";
		};
/* End PBXNativeTarget section */

/* Begin PBXProject section */
		141A5BB91B63187700A5F666 /* Project object */ = {
			isa = PBXProject;
			attributes = {
				LastUpgradeCheck = 0630;
				ORGANIZATIONNAME = "UESTC-BBS";
				TargetAttributes = {
					141A5BC01B63187700A5F666 = {
						CreatedOnToolsVersion = 6.3.2;
						DevelopmentTeam = ZB89RB5DW9;
					};
					141A5BD91B63187700A5F666 = {
						CreatedOnToolsVersion = 6.3.2;
						TestTargetID = 141A5BC01B63187700A5F666;
					};
				};
			};
			buildConfigurationList = 141A5BBC1B63187700A5F666 /* Build configuration list for PBXProject "StudentMe-iOS" */;
			compatibilityVersion = "Xcode 3.2";
			developmentRegion = English;
			hasScannedForEncodings = 0;
			knownRegions = (
				en,
				Base,
			);
			mainGroup = 141A5BB81B63187700A5F666;
			productRefGroup = 141A5BC21B63187700A5F666 /* Products */;
			projectDirPath = "";
			projectRoot = "";
			targets = (
				141A5BC01B63187700A5F666 /* StudentMe-iOS */,
				141A5BD91B63187700A5F666 /* StudentMe-iOSTests */,
			);
		};
/* End PBXProject section */

/* Begin PBXResourcesBuildPhase section */
		141A5BBF1B63187700A5F666 /* Resources */ = {
			isa = PBXResourcesBuildPhase;
			buildActionMask = 2147483647;
			files = (
				14D99EFE1B89AD3900C0965D /* SMPostTopicReplyListViewController.xib in Resources */,
				147458801B66795800B282D6 /* SMLeftSideAvatarViewTableViewCell.xib in Resources */,
				14D7D83A1B949BBF00C92AB2 /* SMNotificationTableViewCell.xib in Resources */,
				14D8A5A61BB26DA900D40E2A /* SMSettingsViewController.xib in Resources */,
				14AEBDCA1B7328F600C3C42E /* SMPostTopicListTableViewCell.xib in Resources */,
				14BF0FBD1B80B8F300FAF970 /* SMLoginViewController.xib in Resources */,
				1483A2791BE3AD8D00B5C457 /* SMCategories.json in Resources */,
				14CE72E61B6B31B300D7F3B6 /* SMAboutViewController.xib in Resources */,
				14874A681B8B11B300F0FF99 /* SMWriteReplyViewController.xib in Resources */,
				141A5BD01B63187700A5F666 /* Main.storyboard in Resources */,
				141A5BD51B63187700A5F666 /* LaunchScreen.xib in Resources */,
				14E78F921B78E79E00523970 /* SMLeftSideViewTableViewCell.xib in Resources */,
				141A5BD21B63187700A5F666 /* Images.xcassets in Resources */,
				14D99EF81B89ACC100C0965D /* SMPostTopicReplyListTableViewCell.xib in Resources */,
				14BF0FC31B8190AC00FAF970 /* SMLoginInputTableViewCell.xib in Resources */,
			);
			runOnlyForDeploymentPostprocessing = 0;
		};
		141A5BD81B63187700A5F666 /* Resources */ = {
			isa = PBXResourcesBuildPhase;
			buildActionMask = 2147483647;
			files = (
			);
			runOnlyForDeploymentPostprocessing = 0;
		};
/* End PBXResourcesBuildPhase section */

/* Begin PBXShellScriptBuildPhase section */
		4548245FE8720A3A6BFD4FD7 /* Embed Pods Frameworks */ = {
			isa = PBXShellScriptBuildPhase;
			buildActionMask = 2147483647;
			files = (
			);
			inputPaths = (
			);
			name = "Embed Pods Frameworks";
			outputPaths = (
			);
			runOnlyForDeploymentPostprocessing = 0;
			shellPath = /bin/sh;
			shellScript = "\"${SRCROOT}/Pods/Target Support Files/Pods/Pods-frameworks.sh\"\n";
			showEnvVarsInLog = 0;
		};
		910282E1AA58B31E3BDC6C6A /* Copy Pods Resources */ = {
			isa = PBXShellScriptBuildPhase;
			buildActionMask = 2147483647;
			files = (
			);
			inputPaths = (
			);
			name = "Copy Pods Resources";
			outputPaths = (
			);
			runOnlyForDeploymentPostprocessing = 0;
			shellPath = /bin/sh;
			shellScript = "\"${SRCROOT}/Pods/Target Support Files/Pods/Pods-resources.sh\"\n";
			showEnvVarsInLog = 0;
		};
		CF138579439CD57EBFA9BA8A /* Check Pods Manifest.lock */ = {
			isa = PBXShellScriptBuildPhase;
			buildActionMask = 2147483647;
			files = (
			);
			inputPaths = (
			);
			name = "Check Pods Manifest.lock";
			outputPaths = (
			);
			runOnlyForDeploymentPostprocessing = 0;
			shellPath = /bin/sh;
			shellScript = "diff \"${PODS_ROOT}/../Podfile.lock\" \"${PODS_ROOT}/Manifest.lock\" > /dev/null\nif [[ $? != 0 ]] ; then\n    cat << EOM\nerror: The sandbox is not in sync with the Podfile.lock. Run 'pod install' or update your CocoaPods installation.\nEOM\n    exit 1\nfi\n";
			showEnvVarsInLog = 0;
		};
/* End PBXShellScriptBuildPhase section */

/* Begin PBXSourcesBuildPhase section */
		141A5BBD1B63187700A5F666 /* Sources */ = {
			isa = PBXSourcesBuildPhase;
			buildActionMask = 2147483647;
			files = (
				14874A621B8AC42700F0FF99 /* SMAutoSizeLabel.m in Sources */,
				14D8A5A51BB26DA900D40E2A /* SMSettingsViewController.m in Sources */,
				146A105D1B80813D00176D7A /* SCBubbleRefreshView.m in Sources */,
				141A5C181B63A52A00A5F666 /* SMDrawerVisualStateManager.m in Sources */,
				14BF0FC21B8190AC00FAF970 /* SMLoginInputTableViewCell.m in Sources */,
				14A119EB1B7DBB7800319F45 /* SMTopic.m in Sources */,
				14BF0FB71B80A39200FAF970 /* SMErr.m in Sources */,
				14E78F911B78E79E00523970 /* SMLeftSideViewTableViewCell.m in Sources */,
				14874A6B1B900E4C00F0FF99 /* SMTopicCreateFilter.m in Sources */,
				14CE72D81B6B311F00D7F3B6 /* SMLatestPostsViewController.m in Sources */,
				14E78F9E1B78E7C600523970 /* UIColor+SMColor.m in Sources */,
				14BF0FB11B80A1EA00FAF970 /* SMValidation.m in Sources */,
				141A5C041B639DF200A5F666 /* SMHostViewController.m in Sources */,
				14E78F9D1B78E7C600523970 /* NSUserDefaults+SMUserDefaults.m in Sources */,
				14BF0FBC1B80B8F300FAF970 /* SMLoginViewController.m in Sources */,
				14E78F9C1B78E7C600523970 /* NSURL+SMURL.m in Sources */,
				14AEBDC91B7328F600C3C42E /* SMPostTopicListTableViewCell.m in Sources */,
				1483A27C1BE3B4EF00B5C457 /* SMAllCategoryViewController.m in Sources */,
				146A105F1B80813D00176D7A /* SCPullRefreshViewController.m in Sources */,
				14A119E81B7DBB5500319F45 /* SMTopicListFilter.m in Sources */,
				14BF0FA91B8086FD00FAF970 /* ScrollViewFrameAccessor.m in Sources */,
				14D99EFD1B89AD3900C0965D /* SMPostTopicReplyListViewController.m in Sources */,
				141A5BC71B63187700A5F666 /* main.m in Sources */,
				14D99EF71B89ACC100C0965D /* SMPostTopicReplyListTableViewCell.m in Sources */,
				14BF0FB41B80A20E00FAF970 /* SMHttpDataManager.m in Sources */,
				14CE72E01B6B317C00D7F3B6 /* SMNotificationViewController.m in Sources */,
				1474587F1B66795800B282D6 /* SMLeftSideAvatarViewTableViewCell.m in Sources */,
				141A5BFC1B639B3500A5F666 /* SMBaseViewController.m in Sources */,
				14CE72DC1B6B315300D7F3B6 /* SMCategoriesViewController.m in Sources */,
				14BF0FAD1B80870F00FAF970 /* DACircularProgressView.m in Sources */,
				14D8A5A01BB1A5E500D40E2A /* NSDate+SMDate.m in Sources */,
				14A119D21B78EA1600319F45 /* UIViewController+SCCategorys.m in Sources */,
				141A5C141B63A3DB00A5F666 /* SMNavigationViewController.m in Sources */,
				14D99F011B89EEDB00C0965D /* SMTopicReply.m in Sources */,
				14CE72E51B6B31B300D7F3B6 /* SMAboutViewController.m in Sources */,
				14874A671B8B11B300F0FF99 /* SMWriteReplyViewController.m in Sources */,
				141A5C001B639BDD00A5F666 /* AppDelegate.m in Sources */,
				14D7D8391B949BBF00C92AB2 /* SMNotificationTableViewCell.m in Sources */,
				14BF0FAA1B8086FD00FAF970 /* ViewFrameAccessor.m in Sources */,
				1420435E1B7219900092A6D7 /* SMUser.m in Sources */,
				14602B861BA3D31D003DEC44 /* SCIndicatorTitleView.m in Sources */,
				141A5C081B639EC100A5F666 /* SMSideDrawerViewController.m in Sources */,
				146A10621B80814700176D7A /* CAAnimation+Blocks.m in Sources */,
				14D7D83D1B949C4800C92AB2 /* SMNotification.m in Sources */,
				146A105E1B80813D00176D7A /* SCCircularRefreshView.m in Sources */,
			);
			runOnlyForDeploymentPostprocessing = 0;
		};
		141A5BD61B63187700A5F666 /* Sources */ = {
			isa = PBXSourcesBuildPhase;
			buildActionMask = 2147483647;
			files = (
				141A5BE11B63187700A5F666 /* StudentMe_iOSTests.m in Sources */,
			);
			runOnlyForDeploymentPostprocessing = 0;
		};
/* End PBXSourcesBuildPhase section */

/* Begin PBXTargetDependency section */
		141A5BDC1B63187700A5F666 /* PBXTargetDependency */ = {
			isa = PBXTargetDependency;
			target = 141A5BC01B63187700A5F666 /* StudentMe-iOS */;
			targetProxy = 141A5BDB1B63187700A5F666 /* PBXContainerItemProxy */;
		};
/* End PBXTargetDependency section */

/* Begin PBXVariantGroup section */
		141A5BCE1B63187700A5F666 /* Main.storyboard */ = {
			isa = PBXVariantGroup;
			children = (
				141A5BCF1B63187700A5F666 /* Base */,
			);
			name = Main.storyboard;
			sourceTree = "<group>";
		};
		141A5BD31B63187700A5F666 /* LaunchScreen.xib */ = {
			isa = PBXVariantGroup;
			children = (
				141A5BD41B63187700A5F666 /* Base */,
			);
			name = LaunchScreen.xib;
			sourceTree = "<group>";
		};
/* End PBXVariantGroup section */

/* Begin XCBuildConfiguration section */
		141A5BE21B63187700A5F666 /* Debug */ = {
			isa = XCBuildConfiguration;
			buildSettings = {
				ALWAYS_SEARCH_USER_PATHS = NO;
				CLANG_CXX_LANGUAGE_STANDARD = "gnu++0x";
				CLANG_CXX_LIBRARY = "libc++";
				CLANG_ENABLE_MODULES = YES;
				CLANG_ENABLE_OBJC_ARC = YES;
				CLANG_WARN_BOOL_CONVERSION = YES;
				CLANG_WARN_CONSTANT_CONVERSION = YES;
				CLANG_WARN_DIRECT_OBJC_ISA_USAGE = YES_ERROR;
				CLANG_WARN_EMPTY_BODY = YES;
				CLANG_WARN_ENUM_CONVERSION = YES;
				CLANG_WARN_INT_CONVERSION = YES;
				CLANG_WARN_OBJC_ROOT_CLASS = YES_ERROR;
				CLANG_WARN_UNREACHABLE_CODE = YES;
				CLANG_WARN__DUPLICATE_METHOD_MATCH = YES;
				"CODE_SIGN_IDENTITY[sdk=iphoneos*]" = "iPhone Developer";
				COPY_PHASE_STRIP = NO;
				DEBUG_INFORMATION_FORMAT = "dwarf-with-dsym";
				ENABLE_STRICT_OBJC_MSGSEND = YES;
				GCC_C_LANGUAGE_STANDARD = gnu99;
				GCC_DYNAMIC_NO_PIC = NO;
				GCC_NO_COMMON_BLOCKS = YES;
				GCC_OPTIMIZATION_LEVEL = 0;
				GCC_PREPROCESSOR_DEFINITIONS = (
					"DEBUG=1",
					"$(inherited)",
				);
				GCC_SYMBOLS_PRIVATE_EXTERN = NO;
				GCC_WARN_64_TO_32_BIT_CONVERSION = YES;
				GCC_WARN_ABOUT_RETURN_TYPE = YES_ERROR;
				GCC_WARN_UNDECLARED_SELECTOR = YES;
				GCC_WARN_UNINITIALIZED_AUTOS = YES_AGGRESSIVE;
				GCC_WARN_UNUSED_FUNCTION = YES;
				GCC_WARN_UNUSED_VARIABLE = YES;
				IPHONEOS_DEPLOYMENT_TARGET = 8.3;
				MTL_ENABLE_DEBUG_INFO = YES;
				ONLY_ACTIVE_ARCH = NO;
				SDKROOT = iphoneos;
			};
			name = Debug;
		};
		141A5BE31B63187700A5F666 /* Release */ = {
			isa = XCBuildConfiguration;
			buildSettings = {
				ALWAYS_SEARCH_USER_PATHS = NO;
				CLANG_CXX_LANGUAGE_STANDARD = "gnu++0x";
				CLANG_CXX_LIBRARY = "libc++";
				CLANG_ENABLE_MODULES = YES;
				CLANG_ENABLE_OBJC_ARC = YES;
				CLANG_WARN_BOOL_CONVERSION = YES;
				CLANG_WARN_CONSTANT_CONVERSION = YES;
				CLANG_WARN_DIRECT_OBJC_ISA_USAGE = YES_ERROR;
				CLANG_WARN_EMPTY_BODY = YES;
				CLANG_WARN_ENUM_CONVERSION = YES;
				CLANG_WARN_INT_CONVERSION = YES;
				CLANG_WARN_OBJC_ROOT_CLASS = YES_ERROR;
				CLANG_WARN_UNREACHABLE_CODE = YES;
				CLANG_WARN__DUPLICATE_METHOD_MATCH = YES;
				"CODE_SIGN_IDENTITY[sdk=iphoneos*]" = "iPhone Developer";
				COPY_PHASE_STRIP = NO;
				DEBUG_INFORMATION_FORMAT = "dwarf-with-dsym";
				ENABLE_NS_ASSERTIONS = NO;
				ENABLE_STRICT_OBJC_MSGSEND = YES;
				GCC_C_LANGUAGE_STANDARD = gnu99;
				GCC_NO_COMMON_BLOCKS = YES;
				GCC_WARN_64_TO_32_BIT_CONVERSION = YES;
				GCC_WARN_ABOUT_RETURN_TYPE = YES_ERROR;
				GCC_WARN_UNDECLARED_SELECTOR = YES;
				GCC_WARN_UNINITIALIZED_AUTOS = YES_AGGRESSIVE;
				GCC_WARN_UNUSED_FUNCTION = YES;
				GCC_WARN_UNUSED_VARIABLE = YES;
				IPHONEOS_DEPLOYMENT_TARGET = 8.3;
				MTL_ENABLE_DEBUG_INFO = NO;
				ONLY_ACTIVE_ARCH = NO;
				SDKROOT = iphoneos;
				VALIDATE_PRODUCT = YES;
			};
			name = Release;
		};
		141A5BE51B63187700A5F666 /* Debug */ = {
			isa = XCBuildConfiguration;
			baseConfigurationReference = 2BA567F2AE403AD275B3D2A5 /* Pods.debug.xcconfig */;
			buildSettings = {
				ASSETCATALOG_COMPILER_APPICON_NAME = AppIcon;
				CODE_SIGN_IDENTITY = "iPhone Developer";
				GCC_PRECOMPILE_PREFIX_HEADER = YES;
				GCC_PREFIX_HEADER = "StudentMe-iOS/App/StudentMe-Prefix.pch";
				INFOPLIST_FILE = "StudentMe-iOS/Info.plist";
				IPHONEOS_DEPLOYMENT_TARGET = 9.0;
				LD_RUNPATH_SEARCH_PATHS = "$(inherited) @executable_path/Frameworks";
				ONLY_ACTIVE_ARCH = YES;
				PRODUCT_NAME = "$(TARGET_NAME)";
				TARGETED_DEVICE_FAMILY = 1;
			};
			name = Debug;
		};
		141A5BE61B63187700A5F666 /* Release */ = {
			isa = XCBuildConfiguration;
			baseConfigurationReference = 43EA34263FE76C9E2A553A79 /* Pods.release.xcconfig */;
			buildSettings = {
				ASSETCATALOG_COMPILER_APPICON_NAME = AppIcon;
				CODE_SIGN_IDENTITY = "iPhone Developer";
				GCC_PRECOMPILE_PREFIX_HEADER = YES;
				GCC_PREFIX_HEADER = "StudentMe-iOS/App/StudentMe-Prefix.pch";
				INFOPLIST_FILE = "StudentMe-iOS/Info.plist";
				IPHONEOS_DEPLOYMENT_TARGET = 9.0;
				LD_RUNPATH_SEARCH_PATHS = "$(inherited) @executable_path/Frameworks";
				ONLY_ACTIVE_ARCH = YES;
				PRODUCT_NAME = "$(TARGET_NAME)";
				TARGETED_DEVICE_FAMILY = 1;
			};
			name = Release;
		};
		141A5BE81B63187700A5F666 /* Debug */ = {
			isa = XCBuildConfiguration;
			baseConfigurationReference = 2BA567F2AE403AD275B3D2A5 /* Pods.debug.xcconfig */;
			buildSettings = {
				BUNDLE_LOADER = "$(TEST_HOST)";
				FRAMEWORK_SEARCH_PATHS = (
					"$(SDKROOT)/Developer/Library/Frameworks",
					"$(inherited)",
				);
				GCC_PREPROCESSOR_DEFINITIONS = (
					"DEBUG=1",
					"$(inherited)",
				);
				INFOPLIST_FILE = "StudentMe-iOSTests/Info.plist";
				LD_RUNPATH_SEARCH_PATHS = "$(inherited) @executable_path/Frameworks @loader_path/Frameworks";
				ONLY_ACTIVE_ARCH = NO;
				OTHER_LDFLAGS = (
					"$(inherited)",
					"-ObjC",
					"-l\"AFNetworking\"",
					"-l\"ActionSheetPicker-3.0\"",
					"-l\"BlocksKit\"",
					"-l\"MBProgressHUD\"",
					"-l\"MMDrawerController\"",
					"-l\"Masonry\"",
					"-l\"NSDate+TimeAgo\"",
					"-l\"ReactiveCocoa\"",
					"-l\"SDWebImage\"",
					"-l\"TTTAttributedLabel\"",
					"-framework",
					"\"CoreGraphics\"",
					"-framework",
					"\"CoreText\"",
					"-framework",
					"\"Foundation\"",
					"-framework",
					"\"ImageIO\"",
					"-framework",
					"\"MessageUI\"",
					"-framework",
					"\"MobileCoreServices\"",
					"-framework",
					"\"QuartzCore\"",
					"-framework",
					"\"Security\"",
					"-framework",
					"\"SystemConfiguration\"",
					"-framework",
					"\"UIKit\"",
				);
				PRODUCT_NAME = "$(TARGET_NAME)";
				TEST_HOST = "$(BUILT_PRODUCTS_DIR)/StudentMe-iOS.app/StudentMe-iOS";
			};
			name = Debug;
		};
		141A5BE91B63187700A5F666 /* Release */ = {
			isa = XCBuildConfiguration;
			baseConfigurationReference = 2BA567F2AE403AD275B3D2A5 /* Pods.debug.xcconfig */;
			buildSettings = {
				BUNDLE_LOADER = "$(TEST_HOST)";
				FRAMEWORK_SEARCH_PATHS = (
					"$(SDKROOT)/Developer/Library/Frameworks",
					"$(inherited)",
				);
				INFOPLIST_FILE = "StudentMe-iOSTests/Info.plist";
				LD_RUNPATH_SEARCH_PATHS = "$(inherited) @executable_path/Frameworks @loader_path/Frameworks";
				ONLY_ACTIVE_ARCH = NO;
				OTHER_LDFLAGS = (
					"$(inherited)",
					"-ObjC",
					"-l\"AFNetworking\"",
					"-l\"ActionSheetPicker-3.0\"",
					"-l\"BlocksKit\"",
					"-l\"MBProgressHUD\"",
					"-l\"MMDrawerController\"",
					"-l\"Masonry\"",
					"-l\"NSDate+TimeAgo\"",
					"-l\"ReactiveCocoa\"",
					"-l\"SDWebImage\"",
					"-l\"TTTAttributedLabel\"",
					"-framework",
					"\"CoreGraphics\"",
					"-framework",
					"\"CoreText\"",
					"-framework",
					"\"Foundation\"",
					"-framework",
					"\"ImageIO\"",
					"-framework",
					"\"MessageUI\"",
					"-framework",
					"\"MobileCoreServices\"",
					"-framework",
					"\"QuartzCore\"",
					"-framework",
					"\"Security\"",
					"-framework",
					"\"SystemConfiguration\"",
					"-framework",
					"\"UIKit\"",
				);
				PRODUCT_NAME = "$(TARGET_NAME)";
				TEST_HOST = "$(BUILT_PRODUCTS_DIR)/StudentMe-iOS.app/StudentMe-iOS";
			};
			name = Release;
		};
/* End XCBuildConfiguration section */

/* Begin XCConfigurationList section */
		141A5BBC1B63187700A5F666 /* Build configuration list for PBXProject "StudentMe-iOS" */ = {
			isa = XCConfigurationList;
			buildConfigurations = (
				141A5BE21B63187700A5F666 /* Debug */,
				141A5BE31B63187700A5F666 /* Release */,
			);
			defaultConfigurationIsVisible = 0;
			defaultConfigurationName = Release;
		};
		141A5BE41B63187700A5F666 /* Build configuration list for PBXNativeTarget "StudentMe-iOS" */ = {
			isa = XCConfigurationList;
			buildConfigurations = (
				141A5BE51B63187700A5F666 /* Debug */,
				141A5BE61B63187700A5F666 /* Release */,
			);
			defaultConfigurationIsVisible = 0;
			defaultConfigurationName = Release;
		};
		141A5BE71B63187700A5F666 /* Build configuration list for PBXNativeTarget "StudentMe-iOSTests" */ = {
			isa = XCConfigurationList;
			buildConfigurations = (
				141A5BE81B63187700A5F666 /* Debug */,
				141A5BE91B63187700A5F666 /* Release */,
			);
			defaultConfigurationIsVisible = 0;
			defaultConfigurationName = Release;
		};
/* End XCConfigurationList section */
	};
	rootObject = 141A5BB91B63187700A5F666 /* Project object */;
}
